{
  "name": "thespoon",
  "requires": true,
  "lockfileVersion": 1,
  "dependencies": {
    "rallax.js": {
      "version": "2.0.4",
      "resolved": "https://registry.npmjs.org/rallax.js/-/rallax.js-2.0.4.tgz",
      "integrity": "sha512-E0WiHrWrnoX4RU79xWP4SvTmgrrXIU3lILwFv7rkrt8r6sDtq+ZMELiLlgDsvY7GW/Ut78bsUIzP0JWDhMBzog=="
    }
  }
}
